{
  "name": "novara-devdb",
  "version": "1.0.0",
  "lockfileVersion": 3,
  "requires": true,
  "packages": {
    "": {
      "name": "novara-devdb",
      "version": "1.0.0",
      "hasInstallScript": true,
      "dependencies": {
        "@rckflr/easydb-server": "0.4.0",
        "better-sqlite3": "file:./shims/better-sqlite3"
      },
      "engines": {
        "node": ">=22.13"
      }
    },
    "node_modules/@rckflr/easydb": {
      "version": "1.2.0",
      "resolved": "https://registry.npmjs.org/@rckflr/easydb/-/easydb-1.2.0.tgz",
      "integrity": "sha512-aMeSTyz23kqyfJTxCSHL8R5gdtvlFwG7nLKv6j4Yqv/ekb+4idBrPcAxhe1unG1aCd0fJgkeDLjyai404SYRUA==",
      "license": "MIT",
      "engines": {
        "node": ">=18"
      },
      "peerDependencies": {
        "@angular/core": ">=16",
        "lit": ">=2",
        "mongodb": ">=5",
        "mysql2": ">=3",
        "preact": ">=10",
        "react": ">=18",
        "solid-js": ">=1",
        "svelte": ">=3",
        "vue": ">=3"
      },
      "peerDependenciesMeta": {
        "@angular/core": {
          "optional": true
        },
        "lit": {
          "optional": true
        },
        "mongodb": {
          "optional": true
        },
        "mysql2": {
          "optional": true
        },
        "preact": {
          "optional": true
        },
        "react": {
          "optional": true
        },
        "solid-js": {
          "optional": true
        },
        "svelte": {
          "optional": true
        },
        "vue": {
          "optional": true
        }
      }
    },
    "node_modules/@rckflr/easydb-server": {
      "version": "0.4.0",
      "resolved": "https://registry.npmjs.org/@rckflr/easydb-server/-/easydb-server-0.4.0.tgz",
      "integrity": "sha512-uzWlJ9dKIM54jePWUJKuza5xNn1K4BVspFYvZsV5AIPWFxUvngnSm6OYRkj1fCf+9jn1HBsumFETSluvPTW/gw==",
      "license": "MIT",
      "dependencies": {
        "@rckflr/easydb": "^1.2.0",
        "bson": "^6.10.0"
      },
      "bin": {
        "easydb-server": "bin/easydb-server.js"
      },
      "engines": {
        "node": ">=18.0.0"
      },
      "optionalDependencies": {
        "better-sqlite3": "^12.6.2"
      },
      "peerDependencies": {
        "pg": ">=8.0.0"
      },
      "peerDependenciesMeta": {
        "pg": {
          "optional": true
        }
      }
    },
    "node_modules/better-sqlite3": {
      "resolved": "shims/better-sqlite3",
      "link": true
    },
    "node_modules/bson": {
      "version": "6.10.4",
      "resolved": "https://registry.npmjs.org/bson/-/bson-6.10.4.tgz",
      "integrity": "sha512-WIsKqkSC0ABoBJuT1LEX+2HEvNmNKKgnTAyd0fL8qzK4SH2i9NXg+t08YtdZp/V9IZ33cxe3iV4yM0qg8lMQng==",
      "license": "Apache-2.0",
      "engines": {
        "node": ">=16.20.1"
      }
    },
    "shims/better-sqlite3": {
      "version": "12.6.2"
    }
  }
}
